
Microsoft Visual Studio Solution File, Format Version 12.00
# Visual Studio Version 16
VisualStudioVersion = 16.0.31321.278
MinimumVisualStudioVersion = 10.0.40219.1
Project("{FAE04EC0-301F-11D3-BF4B-00C04F79EFBC}") = "LibrarySystem2", "LibrarySystem2\LibrarySystem2.csproj", "{AF6C7DD0-3B63-4251-A079-1287B1199497}"
EndProject
Global
	GlobalSection(SolutionConfigurationPlatforms) = preSolution
		Debug|Any CPU = Debug|Any CPU
		Release|Any CPU = Release|Any CPU
	EndGlobalSection
	GlobalSection(ProjectConfigurationPlatforms) = postSolution
		{AF6C7DD0-3B63-4251-A079-1287B1199497}.Debug|Any CPU.ActiveCfg = Debug|Any CPU
		{AF6C7DD0-3B63-4251-A079-1287B1199497}.Debug|Any CPU.Build.0 = Debug|Any CPU
		{AF6C7DD0-3B63-4251-A079-1287B1199497}.Release|Any CPU.ActiveCfg = Release|Any CPU
		{AF6C7DD0-3B63-4251-A079-1287B1199497}.Release|Any CPU.Build.0 = Release|Any CPU
	EndGlobalSection
	GlobalSection(SolutionProperties) = preSolution
		HideSolutionNode = FALSE
	EndGlobalSection
	GlobalSection(ExtensibilityGlobals) = postSolution
		SolutionGuid = {0A78CF58-0E24-472B-84CF-CD887C8B97B0}
	EndGlobalSection
EndGlobal
